// !$*UTF8*$!
{
	archiveVersion = 1;
	classes = {
	};
	objectVersion = 48;
	objects = {

/* Begin PBXBuildFile section */
		A02E756E1FB3668B00B03B98 /* Weather.swift in Sources */ = {isa = PBXBuildFile; fileRef = A02E756D1FB3668B00B03B98 /* Weather.swift */; };
		A0D34F031FB3634C00709C67 /* AppDelegate.swift in Sources */ = {isa = PBXBuildFile; fileRef = A0D34F021FB3634C00709C67 /* AppDelegate.swift */; };
		A0D34F051FB3634C00709C67 /* ViewController.swift in Sources */ = {isa = PBXBuildFile; fileRef = A0D34F041FB3634C00709C67 /* ViewController.swift */; };
		A0D34F081FB3634C00709C67 /* Main.storyboard in Resources */ = {isa = PBXBuildFile; fileRef = A0D34F061FB3634C00709C67 /* Main.storyboard */; };
		A0D34F0A1FB3634C00709C67 /* Assets.xcassets in Resources */ = {isa = PBXBuildFile; fileRef = A0D34F091FB3634C00709C67 /* Assets.xcassets */; };
		A0D34F0D1FB3634C00709C67 /* LaunchScreen.storyboard in Resources */ = {isa = PBXBuildFile; fileRef = A0D34F0B1FB3634C00709C67 /* LaunchScreen.storyboard */; };
		A0D34F181FB3634C00709C67 /* WeatherTests.swift in Sources */ = {isa = PBXBuildFile; fileRef = A0D34F171FB3634C00709C67 /* WeatherTests.swift */; };
		A0D34F231FB3634C00709C67 /* WeatherUITests.swift in Sources */ = {isa = PBXBuildFile; fileRef = A0D34F221FB3634C00709C67 /* WeatherUITests.swift */; };
		A3836A2BAF54D4C15CB75BA8 /* Pods_WeatherUITests.framework in Frameworks */ = {isa = PBXBuildFile; fileRef = F2B85EAC108DBBA769BEFD46 /* Pods_WeatherUITests.framework */; };
		AB544B864F09311F72404512 /* Pods_Weather.framework in Frameworks */ = {isa = PBXBuildFile; fileRef = C6F267BE384F675DB2E1C357 /* Pods_Weather.framework */; };
		FB5B796D7A90F56F729B21AB /* Pods_WeatherTests.framework in Frameworks */ = {isa = PBXBuildFile; fileRef = F1085DB3D06A83D781A701E1 /* Pods_WeatherTests.framework */; };
/* End PBXBuildFile section */

/* Begin PBXContainerItemProxy section */
		A0D34F141FB3634C00709C67 /* PBXContainerItemProxy */ = {
			isa = PBXContainerItemProxy;
			containerPortal = A0D34EF71FB3634C00709C67 /* Project object */;
			proxyType = 1;
			remoteGlobalIDString = A0D34EFE1FB3634C00709C67;
			remoteInfo = Weather;
		};
		A0D34F1F1FB3634C00709C67 /* PBXContainerItemProxy */ = {
			isa = PBXContainerItemProxy;
			containerPortal = A0D34EF71FB3634C00709C67 /* Project object */;
			proxyType = 1;
			remoteGlobalIDString = A0D34EFE1FB3634C00709C67;
			remoteInfo = Weather;
		};
/* End PBXContainerItemProxy section */

/* Begin PBXFileReference section */
		82B6195217B084AC3BAFE80D /* Pods-Weather.release.xcconfig */ = {isa = PBXFileReference; includeInIndex = 1; lastKnownFileType = text.xcconfig; name = "Pods-Weather.release.xcconfig"; path = "Pods/Target Support Files/Pods-Weather/Pods-Weather.release.xcconfig"; sourceTree = "<group>"; };
		A02E756D1FB3668B00B03B98 /* Weather.swift */ = {isa = PBXFileReference; lastKnownFileType = sourcecode.swift; path = Weather.swift; sourceTree = "<group>"; };
		A0D34EFF1FB3634C00709C67 /* Weather.app */ = {isa = PBXFileReference; explicitFileType = wrapper.application; includeInIndex = 0; path = Weather.app; sourceTree = BUILT_PRODUCTS_DIR; };
		A0D34F021FB3634C00709C67 /* AppDelegate.swift */ = {isa = PBXFileReference; lastKnownFileType = sourcecode.swift; path = AppDelegate.swift; sourceTree = "<group>"; };
		A0D34F041FB3634C00709C67 /* ViewController.swift */ = {isa = PBXFileReference; lastKnownFileType = sourcecode.swift; path = ViewController.swift; sourceTree = "<group>"; };
		A0D34F071FB3634C00709C67 /* Base */ = {isa = PBXFileReference; lastKnownFileType = file.storyboard; name = Base; path = Base.lproj/Main.storyboard; sourceTree = "<group>"; };
		A0D34F091FB3634C00709C67 /* Assets.xcassets */ = {isa = PBXFileReference; lastKnownFileType = folder.assetcatalog; path = Assets.xcassets; sourceTree = "<group>"; };
		A0D34F0C1FB3634C00709C67 /* Base */ = {isa = PBXFileReference; lastKnownFileType = file.storyboard; name = Base; path = Base.lproj/LaunchScreen.storyboard; sourceTree = "<group>"; };
		A0D34F0E1FB3634C00709C67 /* Info.plist */ = {isa = PBXFileReference; lastKnownFileType = text.plist.xml; path = Info.plist; sourceTree = "<group>"; };
		A0D34F131FB3634C00709C67 /* WeatherTests.xctest */ = {isa = PBXFileReference; explicitFileType = wrapper.cfbundle; includeInIndex = 0; path = WeatherTests.xctest; sourceTree = BUILT_PRODUCTS_DIR; };
		A0D34F171FB3634C00709C67 /* WeatherTests.swift */ = {isa = PBXFileReference; lastKnownFileType = sourcecode.swift; path = WeatherTests.swift; sourceTree = "<group>"; };
		A0D34F191FB3634C00709C67 /* Info.plist */ = {isa = PBXFileReference; lastKnownFileType = text.plist.xml; path = Info.plist; sourceTree = "<group>"; };
		A0D34F1E1FB3634C00709C67 /* WeatherUITests.xctest */ = {isa = PBXFileReference; explicitFileType = wrapper.cfbundle; includeInIndex = 0; path = WeatherUITests.xctest; sourceTree = BUILT_PRODUCTS_DIR; };
		A0D34F221FB3634C00709C67 /* WeatherUITests.swift */ = {isa = PBXFileReference; lastKnownFileType = sourcecode.swift; path = WeatherUITests.swift; sourceTree = "<group>"; };
		A0D34F241FB3634C00709C67 /* Info.plist */ = {isa = PBXFileReference; lastKnownFileType = text.plist.xml; path = Info.plist; sourceTree = "<group>"; };
		B2BB98EB78D886D90FA121E9 /* Pods-WeatherUITests.debug.xcconfig */ = {isa = PBXFileReference; includeInIndex = 1; lastKnownFileType = text.xcconfig; name = "Pods-WeatherUITests.debug.xcconfig"; path = "Pods/Target Support Files/Pods-WeatherUITests/Pods-WeatherUITests.debug.xcconfig"; sourceTree = "<group>"; };
		C6F267BE384F675DB2E1C357 /* Pods_Weather.framework */ = {isa = PBXFileReference; explicitFileType = wrapper.framework; includeInIndex = 0; path = Pods_Weather.framework; sourceTree = BUILT_PRODUCTS_DIR; };
		CFE84FADFEBB2CB7DB7C6FDC /* Pods-WeatherUITests.release.xcconfig */ = {isa = PBXFileReference; includeInIndex = 1; lastKnownFileType = text.xcconfig; name = "Pods-WeatherUITests.release.xcconfig"; path = "Pods/Target Support Files/Pods-WeatherUITests/Pods-WeatherUITests.release.xcconfig"; sourceTree = "<group>"; };
		D5BC09D413403108F5844384 /* Pods-Weather.debug.xcconfig */ = {isa = PBXFileReference; includeInIndex = 1; lastKnownFileType = text.xcconfig; name = "Pods-Weather.debug.xcconfig"; path = "Pods/Target Support Files/Pods-Weather/Pods-Weather.debug.xcconfig"; sourceTree = "<group>"; };
		DCBABA352AB37357913B5C51 /* Pods-WeatherTests.release.xcconfig */ = {isa = PBXFileReference; includeInIndex = 1; lastKnownFileType = text.xcconfig; name = "Pods-WeatherTests.release.xcconfig"; path = "Pods/Target Support Files/Pods-WeatherTests/Pods-WeatherTests.release.xcconfig"; sourceTree = "<group>"; };
		F1085DB3D06A83D781A701E1 /* Pods_WeatherTests.framework */ = {isa = PBXFileReference; explicitFileType = wrapper.framework; includeInIndex = 0; path = Pods_WeatherTests.framework; sourceTree = BUILT_PRODUCTS_DIR; };
		F2B85EAC108DBBA769BEFD46 /* Pods_WeatherUITests.framework */ = {isa = PBXFileReference; explicitFileType = wrapper.framework; includeInIndex = 0; path = Pods_WeatherUITests.framework; sourceTree = BUILT_PRODUCTS_DIR; };
		FDE5D3BB262BE7D80011C563 /* Pods-WeatherTests.debug.xcconfig */ = {isa = PBXFileReference; includeInIndex = 1; lastKnownFileType = text.xcconfig; name = "Pods-WeatherTests.debug.xcconfig"; path = "Pods/Target Support Files/Pods-WeatherTests/Pods-WeatherTests.debug.xcconfig"; sourceTree = "<group>"; };
/* End PBXFileReference section */

/* Begin PBXFrameworksBuildPhase section */
		A0D34EFC1FB3634C00709C67 /* Frameworks */ = {
			isa = PBXFrameworksBuildPhase;
			buildActionMask = 2147483647;
			files = (
				AB544B864F09311F72404512 /* Pods_Weather.framework in Frameworks */,
			);
			runOnlyForDeploymentPostprocessing = 0;
		};
		A0D34F101FB3634C00709C67 /* Frameworks */ = {
			isa = PBXFrameworksBuildPhase;
			buildActionMask = 2147483647;
			files = (
				FB5B796D7A90F56F729B21AB /* Pods_WeatherTests.framework in Frameworks */,
			);
			runOnlyForDeploymentPostprocessing = 0;
		};
		A0D34F1B1FB3634C00709C67 /* Frameworks */ = {
			isa = PBXFrameworksBuildPhase;
			buildActionMask = 2147483647;
			files = (
				A3836A2BAF54D4C15CB75BA8 /* Pods_WeatherUITests.framework in Frameworks */,
			);
			runOnlyForDeploymentPostprocessing = 0;
		};
/* End PBXFrameworksBuildPhase section */

/* Begin PBXGroup section */
		9958C1A989D5263C1F090AA8 /* Frameworks */ = {
			isa = PBXGroup;
			children = (
				C6F267BE384F675DB2E1C357 /* Pods_Weather.framework */,
				F1085DB3D06A83D781A701E1 /* Pods_WeatherTests.framework */,
				F2B85EAC108DBBA769BEFD46 /* Pods_WeatherUITests.framework */,
			);
			name = Frameworks;
			sourceTree = "<group>";
		};
		A0D34EF61FB3634C00709C67 = {
			isa = PBXGroup;
			children = (
				A0D34F011FB3634C00709C67 /* Weather */,
				A0D34F161FB3634C00709C67 /* WeatherTests */,
				A0D34F211FB3634C00709C67 /* WeatherUITests */,
				A0D34F001FB3634C00709C67 /* Products */,
				D3267B6F7EA2D41FF20ED5C7 /* Pods */,
				9958C1A989D5263C1F090AA8 /* Frameworks */,
			);
			sourceTree = "<group>";
		};
		A0D34F001FB3634C00709C67 /* Products */ = {
			isa = PBXGroup;
			children = (
				A0D34EFF1FB3634C00709C67 /* Weather.app */,
				A0D34F131FB3634C00709C67 /* WeatherTests.xctest */,
				A0D34F1E1FB3634C00709C67 /* WeatherUITests.xctest */,
			);
			name = Products;
			sourceTree = "<group>";
		};
		A0D34F011FB3634C00709C67 /* Weather */ = {
			isa = PBXGroup;
			children = (
				A0D34F021FB3634C00709C67 /* AppDelegate.swift */,
				A0D34F041FB3634C00709C67 /* ViewController.swift */,
				A0D34F061FB3634C00709C67 /* Main.storyboard */,
				A0D34F091FB3634C00709C67 /* Assets.xcassets */,
				A0D34F0B1FB3634C00709C67 /* LaunchScreen.storyboard */,
				A0D34F0E1FB3634C00709C67 /* Info.plist */,
				A02E756D1FB3668B00B03B98 /* Weather.swift */,
			);
			path = Weather;
			sourceTree = "<group>";
		};
		A0D34F161FB3634C00709C67 /* WeatherTests */ = {
			isa = PBXGroup;
			children = (
				A0D34F171FB3634C00709C67 /* WeatherTests.swift */,
				A0D34F191FB3634C00709C67 /* Info.plist */,
			);
			path = WeatherTests;
			sourceTree = "<group>";
		};
		A0D34F211FB3634C00709C67 /* WeatherUITests */ = {
			isa = PBXGroup;
			children = (
				A0D34F221FB3634C00709C67 /* WeatherUITests.swift */,
				A0D34F241FB3634C00709C67 /* Info.plist */,
			);
			path = WeatherUITests;
			sourceTree = "<group>";
		};
		D3267B6F7EA2D41FF20ED5C7 /* Pods */ = {
			isa = PBXGroup;
			children = (
				D5BC09D413403108F5844384 /* Pods-Weather.debug.xcconfig */,
				82B6195217B084AC3BAFE80D /* Pods-Weather.release.xcconfig */,
				FDE5D3BB262BE7D80011C563 /* Pods-WeatherTests.debug.xcconfig */,
				DCBABA352AB37357913B5C51 /* Pods-WeatherTests.release.xcconfig */,
				B2BB98EB78D886D90FA121E9 /* Pods-WeatherUITests.debug.xcconfig */,
				CFE84FADFEBB2CB7DB7C6FDC /* Pods-WeatherUITests.release.xcconfig */,
			);
			name = Pods;
			sourceTree = "<group>";
		};
/* End PBXGroup section */

/* Begin PBXNativeTarget section */
		A0D34EFE1FB3634C00709C67 /* Weather */ = {
			isa = PBXNativeTarget;
			buildConfigurationList = A0D34F271FB3634C00709C67 /* Build configuration list for PBXNativeTarget "Weather" */;
			buildPhases = (
				F9B858F36962AC4069979A1D /* [CP] Check Pods Manifest.lock */,
				A0D34EFB1FB3634C00709C67 /* Sources */,
				A0D34EFC1FB3634C00709C67 /* Frameworks */,
				A0D34EFD1FB3634C00709C67 /* Resources */,
				209A32508D9B9554AAA2E35E /* [CP] Embed Pods Frameworks */,
				DD177F37B46FCE5FD70F3EEA /* [CP] Copy Pods Resources */,
			);
			buildRules = (
			);
			dependencies = (
			);
			name = Weather;
			productName = Weather;
			productReference = A0D34EFF1FB3634C00709C67 /* Weather.app */;
			productType = "com.apple.product-type.application";
		};
		A0D34F121FB3634C00709C67 /* WeatherTests */ = {
			isa = PBXNativeTarget;
			buildConfigurationList = A0D34F2A1FB3634C00709C67 /* Build configuration list for PBXNativeTarget "WeatherTests" */;
			buildPhases = (
				5ED8D6D2507CE05306693A5D /* [CP] Check Pods Manifest.lock */,
				A0D34F0F1FB3634C00709C67 /* Sources */,
				A0D34F101FB3634C00709C67 /* Frameworks */,
				A0D34F111FB3634C00709C67 /* Resources */,
				5DA7821D77C687C70904F9E9 /* [CP] Embed Pods Frameworks */,
				FE106B5C24755A16E5C37FA4 /* [CP] Copy Pods Resources */,
			);
			buildRules = (
			);
			dependencies = (
				A0D34F151FB3634C00709C67 /* PBXTargetDependency */,
			);
			name = WeatherTests;
			productName = WeatherTests;
			productReference = A0D34F131FB3634C00709C67 /* WeatherTests.xctest */;
			productType = "com.apple.product-type.bundle.unit-test";
		};
		A0D34F1D1FB3634C00709C67 /* WeatherUITests */ = {
			isa = PBXNativeTarget;
			buildConfigurationList = A0D34F2D1FB3634C00709C67 /* Build configuration list for PBXNativeTarget "WeatherUITests" */;
			buildPhases = (
				4FC0477373BA0F57613A94D6 /* [CP] Check Pods Manifest.lock */,
				A0D34F1A1FB3634C00709C67 /* Sources */,
				A0D34F1B1FB3634C00709C67 /* Frameworks */,
				A0D34F1C1FB3634C00709C67 /* Resources */,
				50FAC4FB2F97DD67337716DC /* [CP] Embed Pods Frameworks */,
				5D1BA9C685A49CEDFAFE50AA /* [CP] Copy Pods Resources */,
			);
			buildRules = (
			);
			dependencies = (
				A0D34F201FB3634C00709C67 /* PBXTargetDependency */,
			);
			name = WeatherUITests;
			productName = WeatherUITests;
			productReference = A0D34F1E1FB3634C00709C67 /* WeatherUITests.xctest */;
			productType = "com.apple.product-type.bundle.ui-testing";
		};
/* End PBXNativeTarget section */

/* Begin PBXProject section */
		A0D34EF71FB3634C00709C67 /* Project object */ = {
			isa = PBXProject;
			attributes = {
				LastSwiftUpdateCheck = 0910;
				LastUpgradeCheck = 0910;
				ORGANIZATIONNAME = "Lucas Childers";
				TargetAttributes = {
					A0D34EFE1FB3634C00709C67 = {
						CreatedOnToolsVersion = 9.1;
						ProvisioningStyle = Automatic;
					};
					A0D34F121FB3634C00709C67 = {
						CreatedOnToolsVersion = 9.1;
						ProvisioningStyle = Automatic;
						TestTargetID = A0D34EFE1FB3634C00709C67;
					};
					A0D34F1D1FB3634C00709C67 = {
						CreatedOnToolsVersion = 9.1;
						ProvisioningStyle = Automatic;
						TestTargetID = A0D34EFE1FB3634C00709C67;
					};
				};
			};
			buildConfigurationList = A0D34EFA1FB3634C00709C67 /* Build configuration list for PBXProject "Weather" */;
			compatibilityVersion = "Xcode 8.0";
			developmentRegion = en;
			hasScannedForEncodings = 0;
			knownRegions = (
				en,
				Base,
			);
			mainGroup = A0D34EF61FB3634C00709C67;
			productRefGroup = A0D34F001FB3634C00709C67 /* Products */;
			projectDirPath = "";
			projectRoot = "";
			targets = (
				A0D34EFE1FB3634C00709C67 /* Weather */,
				A0D34F121FB3634C00709C67 /* WeatherTests */,
				A0D34F1D1FB3634C00709C67 /* WeatherUITests */,
			);
		};
/* End PBXProject section */

/* Begin PBXResourcesBuildPhase section */
		A0D34EFD1FB3634C00709C67 /* Resources */ = {
			isa = PBXResourcesBuildPhase;
			buildActionMask = 2147483647;
			files = (
				A0D34F0D1FB3634C00709C67 /* LaunchScreen.storyboard in Resources */,
				A0D34F0A1FB3634C00709C67 /* Assets.xcassets in Resources */,
				A0D34F081FB3634C00709C67 /* Main.storyboard in Resources */,
			);
			runOnlyForDeploymentPostprocessing = 0;
		};
		A0D34F111FB3634C00709C67 /* Resources */ = {
			isa = PBXResourcesBuildPhase;
			buildActionMask = 2147483647;
			files = (
			);
			runOnlyForDeploymentPostprocessing = 0;
		};
		A0D34F1C1FB3634C00709C67 /* Resources */ = {
			isa = PBXResourcesBuildPhase;
			buildActionMask = 2147483647;
			files = (
			);
			runOnlyForDeploymentPostprocessing = 0;
		};
/* End PBXResourcesBuildPhase section */

/* Begin PBXShellScriptBuildPhase section */
		209A32508D9B9554AAA2E35E /* [CP] Embed Pods Frameworks */ = {
			isa = PBXShellScriptBuildPhase;
			buildActionMask = 2147483647;
			files = (
			);
			inputPaths = (
				"${SRCROOT}/Pods/Target Support Files/Pods-Weather/Pods-Weather-frameworks.sh",
				"${BUILT_PRODUCTS_DIR}/Alamofire/Alamofire.framework",
			);
			name = "[CP] Embed Pods Frameworks";
			outputPaths = (
				"${TARGET_BUILD_DIR}/${FRAMEWORKS_FOLDER_PATH}/Alamofire.framework",
			);
			runOnlyForDeploymentPostprocessing = 0;
			shellPath = /bin/sh;
			shellScript = "\"${SRCROOT}/Pods/Target Support Files/Pods-Weather/Pods-Weather-frameworks.sh\"\n";
			showEnvVarsInLog = 0;
		};
		4FC0477373BA0F57613A94D6 /* [CP] Check Pods Manifest.lock */ = {
			isa = PBXShellScriptBuildPhase;
			buildActionMask = 2147483647;
			files = (
			);
			inputPaths = (
				"${PODS_PODFILE_DIR_PATH}/Podfile.lock",
				"${PODS_ROOT}/Manifest.lock",
			);
			name = "[CP] Check Pods Manifest.lock";
			outputPaths = (
				"$(DERIVED_FILE_DIR)/Pods-WeatherUITests-checkManifestLockResult.txt",
			);
			runOnlyForDeploymentPostprocessing = 0;
			shellPath = /bin/sh;
			shellScript = "diff \"${PODS_PODFILE_DIR_PATH}/Podfile.lock\" \"${PODS_ROOT}/Manifest.lock\" > /dev/null\nif [ $? != 0 ] ; then\n    # print error to STDERR\n    echo \"error: The sandbox is not in sync with the Podfile.lock. Run 'pod install' or update your CocoaPods installation.\" >&2\n    exit 1\nfi\n# This output is used by Xcode 'outputs' to avoid re-running this script phase.\necho \"SUCCESS\" > \"${SCRIPT_OUTPUT_FILE_0}\"\n";
			showEnvVarsInLog = 0;
		};
		50FAC4FB2F97DD67337716DC /* [CP] Embed Pods Frameworks */ = {
			isa = PBXShellScriptBuildPhase;
			buildActionMask = 2147483647;
			files = (
			);
			inputPaths = (
			);
			name = "[CP] Embed Pods Frameworks";
			outputPaths = (
			);
			runOnlyForDeploymentPostprocessing = 0;
			shellPath = /bin/sh;
			shellScript = "\"${SRCROOT}/Pods/Target Support Files/Pods-WeatherUITests/Pods-WeatherUITests-frameworks.sh\"\n";
			showEnvVarsInLog = 0;
		};
		5D1BA9C685A49CEDFAFE50AA /* [CP] Copy Pods Resources */ = {
			isa = PBXShellScriptBuildPhase;
			buildActionMask = 2147483647;
			files = (
			);
			inputPaths = (
			);
			name = "[CP] Copy Pods Resources";
			outputPaths = (
			);
			runOnlyForDeploymentPostprocessing = 0;
			shellPath = /bin/sh;
			shellScript = "\"${SRCROOT}/Pods/Target Support Files/Pods-WeatherUITests/Pods-WeatherUITests-resources.sh\"\n";
			showEnvVarsInLog = 0;
		};
		5DA7821D77C687C70904F9E9 /* [CP] Embed Pods Frameworks */ = {
			isa = PBXShellScriptBuildPhase;
			buildActionMask = 2147483647;
			files = (
			);
			inputPaths = (
			);
			name = "[CP] Embed Pods Frameworks";
			outputPaths = (
			);
			runOnlyForDeploymentPostprocessing = 0;
			shellPath = /bin/sh;
			shellScript = "\"${SRCROOT}/Pods/Target Support Files/Pods-WeatherTests/Pods-WeatherTests-frameworks.sh\"\n";
			showEnvVarsInLog = 0;
		};
		5ED8D6D2507CE05306693A5D /* [CP] Check Pods Manifest.lock */ = {
			isa = PBXShellScriptBuildPhase;
			buildActionMask = 2147483647;
			files = (
			);
			inputPaths = (
				"${PODS_PODFILE_DIR_PATH}/Podfile.lock",
				"${PODS_ROOT}/Manifest.lock",
			);
			name = "[CP] Check Pods Manifest.lock";
			outputPaths = (
				"$(DERIVED_FILE_DIR)/Pods-WeatherTests-checkManifestLockResult.txt",
			);
			runOnlyForDeploymentPostprocessing = 0;
			shellPath = /bin/sh;
			shellScript = "diff \"${PODS_PODFILE_DIR_PATH}/Podfile.lock\" \"${PODS_ROOT}/Manifest.lock\" > /dev/null\nif [ $? != 0 ] ; then\n    # print error to STDERR\n    echo \"error: The sandbox is not in sync with the Podfile.lock. Run 'pod install' or update your CocoaPods installation.\" >&2\n    exit 1\nfi\n# This output is used by Xcode 'outputs' to avoid re-running this script phase.\necho \"SUCCESS\" > \"${SCRIPT_OUTPUT_FILE_0}\"\n";
			showEnvVarsInLog = 0;
		};
		DD177F37B46FCE5FD70F3EEA /* [CP] Copy Pods Resources */ = {
			isa = PBXShellScriptBuildPhase;
			buildActionMask = 2147483647;
			files = (
			);
			inputPaths = (
			);
			name = "[CP] Copy Pods Resources";
			outputPaths = (
			);
			runOnlyForDeploymentPostprocessing = 0;
			shellPath = /bin/sh;
			shellScript = "\"${SRCROOT}/Pods/Target Support Files/Pods-Weather/Pods-Weather-resources.sh\"\n";
			showEnvVarsInLog = 0;
		};
		F9B858F36962AC4069979A1D /* [CP] Check Pods Manifest.lock */ = {
			isa = PBXShellScriptBuildPhase;
			buildActionMask = 2147483647;
			files = (
			);
			inputPaths = (
				"${PODS_PODFILE_DIR_PATH}/Podfile.lock",
				"${PODS_ROOT}/Manifest.lock",
			);
			name = "[CP] Check Pods Manifest.lock";
			outputPaths = (
				"$(DERIVED_FILE_DIR)/Pods-Weather-checkManifestLockResult.txt",
			);
			runOnlyForDeploymentPostprocessing = 0;
			shellPath = /bin/sh;
			shellScript = "diff \"${PODS_PODFILE_DIR_PATH}/Podfile.lock\" \"${PODS_ROOT}/Manifest.lock\" > /dev/null\nif [ $? != 0 ] ; then\n    # print error to STDERR\n    echo \"error: The sandbox is not in sync with the Podfile.lock. Run 'pod install' or update your CocoaPods installation.\" >&2\n    exit 1\nfi\n# This output is used by Xcode 'outputs' to avoid re-running this script phase.\necho \"SUCCESS\" > \"${SCRIPT_OUTPUT_FILE_0}\"\n";
			showEnvVarsInLog = 0;
		};
		FE106B5C24755A16E5C37FA4 /* [CP] Copy Pods Resources */ = {
			isa = PBXShellScriptBuildPhase;
			buildActionMask = 2147483647;
			files = (
			);
			inputPaths = (
			);
			name = "[CP] Copy Pods Resources";
			outputPaths = (
			);
			runOnlyForDeploymentPostprocessing = 0;
			shellPath = /bin/sh;
			shellScript = "\"${SRCROOT}/Pods/Target Support Files/Pods-WeatherTests/Pods-WeatherTests-resources.sh\"\n";
			showEnvVarsInLog = 0;
		};
/* End PBXShellScriptBuildPhase section */

/* Begin PBXSourcesBuildPhase section */
		A0D34EFB1FB3634C00709C67 /* Sources */ = {
			isa = PBXSourcesBuildPhase;
			buildActionMask = 2147483647;
			files = (
				A0D34F051FB3634C00709C67 /* ViewController.swift in Sources */,
				A02E756E1FB3668B00B03B98 /* Weather.swift in Sources */,
				A0D34F031FB3634C00709C67 /* AppDelegate.swift in Sources */,
			);
			runOnlyForDeploymentPostprocessing = 0;
		};
		A0D34F0F1FB3634C00709C67 /* Sources */ = {
			isa = PBXSourcesBuildPhase;
			buildActionMask = 2147483647;
			files = (
				A0D34F181FB3634C00709C67 /* WeatherTests.swift in Sources */,
			);
			runOnlyForDeploymentPostprocessing = 0;
		};
		A0D34F1A1FB3634C00709C67 /* Sources */ = {
			isa = PBXSourcesBuildPhase;
			buildActionMask = 2147483647;
			files = (
				A0D34F231FB3634C00709C67 /* WeatherUITests.swift in Sources */,
			);
			runOnlyForDeploymentPostprocessing = 0;
		};
/* End PBXSourcesBuildPhase section */

/* Begin PBXTargetDependency section */
		A0D34F151FB3634C00709C67 /* PBXTargetDependency */ = {
			isa = PBXTargetDependency;
			target = A0D34EFE1FB3634C00709C67 /* Weather */;
			targetProxy = A0D34F141FB3634C00709C67 /* PBXContainerItemProxy */;
		};
		A0D34F201FB3634C00709C67 /* PBXTargetDependency */ = {
			isa = PBXTargetDependency;
			target = A0D34EFE1FB3634C00709C67 /* Weather */;
			targetProxy = A0D34F1F1FB3634C00709C67 /* PBXContainerItemProxy */;
		};
/* End PBXTargetDependency section */

/* Begin PBXVariantGroup section */
		A0D34F061FB3634C00709C67 /* Main.storyboard */ = {
			isa = PBXVariantGroup;
			children = (
				A0D34F071FB3634C00709C67 /* Base */,
			);
			name = Main.storyboard;
			sourceTree = "<group>";
		};
		A0D34F0B1FB3634C00709C67 /* LaunchScreen.storyboard */ = {
			isa = PBXVariantGroup;
			children = (
				A0D34F0C1FB3634C00709C67 /* Base */,
			);
			name = LaunchScreen.storyboard;
			sourceTree = "<group>";
		};
/* End PBXVariantGroup section */

/* Begin XCBuildConfiguration section */
		A0D34F251FB3634C00709C67 /* Debug */ = {
			isa = XCBuildConfiguration;
			buildSettings = {
				ALWAYS_SEARCH_USER_PATHS = NO;
				CLANG_ANALYZER_NONNULL = YES;
				CLANG_ANALYZER_NUMBER_OBJECT_CONVERSION = YES_AGGRESSIVE;
				CLANG_CXX_LANGUAGE_STANDARD = "gnu++14";
				CLANG_CXX_LIBRARY = "libc++";
				CLANG_ENABLE_MODULES = YES;
				CLANG_ENABLE_OBJC_ARC = YES;
				CLANG_WARN_BLOCK_CAPTURE_AUTORELEASING = YES;
				CLANG_WARN_BOOL_CONVERSION = YES;
				CLANG_WARN_COMMA = YES;
				CLANG_WARN_CONSTANT_CONVERSION = YES;
				CLANG_WARN_DIRECT_OBJC_ISA_USAGE = YES_ERROR;
				CLANG_WARN_DOCUMENTATION_COMMENTS = YES;
				CLANG_WARN_EMPTY_BODY = YES;
				CLANG_WARN_ENUM_CONVERSION = YES;
				CLANG_WARN_INFINITE_RECURSION = YES;
				CLANG_WARN_INT_CONVERSION = YES;
				CLANG_WARN_NON_LITERAL_NULL_CONVERSION = YES;
				CLANG_WARN_OBJC_LITERAL_CONVERSION = YES;
				CLANG_WARN_OBJC_ROOT_CLASS = YES_ERROR;
				CLANG_WARN_RANGE_LOOP_ANALYSIS = YES;
				CLANG_WARN_STRICT_PROTOTYPES = YES;
				CLANG_WARN_SUSPICIOUS_MOVE = YES;
				CLANG_WARN_UNGUARDED_AVAILABILITY = YES_AGGRESSIVE;
				CLANG_WARN_UNREACHABLE_CODE = YES;
				CLANG_WARN__DUPLICATE_METHOD_MATCH = YES;
				CODE_SIGN_IDENTITY = "iPhone Developer";
				COPY_PHASE_STRIP = NO;
				DEBUG_INFORMATION_FORMAT = dwarf;
				ENABLE_STRICT_OBJC_MSGSEND = YES;
				ENABLE_TESTABILITY = YES;
				GCC_C_LANGUAGE_STANDARD = gnu11;
				GCC_DYNAMIC_NO_PIC = NO;
				GCC_NO_COMMON_BLOCKS = YES;
				GCC_OPTIMIZATION_LEVEL = 0;
				GCC_PREPROCESSOR_DEFINITIONS = (
					"DEBUG=1",
					"$(inherited)",
				);
				GCC_WARN_64_TO_32_BIT_CONVERSION = YES;
				GCC_WARN_ABOUT_RETURN_TYPE = YES_ERROR;
				GCC_WARN_UNDECLARED_SELECTOR = YES;
				GCC_WARN_UNINITIALIZED_AUTOS = YES_AGGRESSIVE;
				GCC_WARN_UNUSED_FUNCTION = YES;
				GCC_WARN_UNUSED_VARIABLE = YES;
				IPHONEOS_DEPLOYMENT_TARGET = 11.1;
				MTL_ENABLE_DEBUG_INFO = YES;
				ONLY_ACTIVE_ARCH = YES;
				SDKROOT = iphoneos;
				SWIFT_ACTIVE_COMPILATION_CONDITIONS = DEBUG;
				SWIFT_OPTIMIZATION_LEVEL = "-Onone";
			};
			name = Debug;
		};
		A0D34F261FB3634C00709C67 /* Release */ = {
			isa = XCBuildConfiguration;
			buildSettings = {
				ALWAYS_SEARCH_USER_PATHS = NO;
				CLANG_ANALYZER_NONNULL = YES;
				CLANG_ANALYZER_NUMBER_OBJECT_CONVERSION = YES_AGGRESSIVE;
				CLANG_CXX_LANGUAGE_STANDARD = "gnu++14";
				CLANG_CXX_LIBRARY = "libc++";
				CLANG_ENABLE_MODULES = YES;
				CLANG_ENABLE_OBJC_ARC = YES;
				CLANG_WARN_BLOCK_CAPTURE_AUTORELEASING = YES;
				CLANG_WARN_BOOL_CONVERSION = YES;
				CLANG_WARN_COMMA = YES;
				CLANG_WARN_CONSTANT_CONVERSION = YES;
				CLANG_WARN_DIRECT_OBJC_ISA_USAGE = YES_ERROR;
				CLANG_WARN_DOCUMENTATION_COMMENTS = YES;
				CLANG_WARN_EMPTY_BODY = YES;
				CLANG_WARN_ENUM_CONVERSION = YES;
				CLANG_WARN_INFINITE_RECURSION = YES;
				CLANG_WARN_INT_CONVERSION = YES;
				CLANG_WARN_NON_LITERAL_NULL_CONVERSION = YES;
				CLANG_WARN_OBJC_LITERAL_CONVERSION = YES;
				CLANG_WARN_OBJC_ROOT_CLASS = YES_ERROR;
				CLANG_WARN_RANGE_LOOP_ANALYSIS = YES;
				CLANG_WARN_STRICT_PROTOTYPES = YES;
				CLANG_WARN_SUSPICIOUS_MOVE = YES;
				CLANG_WARN_UNGUARDED_AVAILABILITY = YES_AGGRESSIVE;
				CLANG_WARN_UNREACHABLE_CODE = YES;
				CLANG_WARN__DUPLICATE_METHOD_MATCH = YES;
				CODE_SIGN_IDENTITY = "iPhone Developer";
				COPY_PHASE_STRIP = NO;
				DEBUG_INFORMATION_FORMAT = "dwarf-with-dsym";
				ENABLE_NS_ASSERTIONS = NO;
				ENABLE_STRICT_OBJC_MSGSEND = YES;
				GCC_C_LANGUAGE_STANDARD = gnu11;
				GCC_NO_COMMON_BLOCKS = YES;
				GCC_WARN_64_TO_32_BIT_CONVERSION = YES;
				GCC_WARN_ABOUT_RETURN_TYPE = YES_ERROR;
				GCC_WARN_UNDECLARED_SELECTOR = YES;
				GCC_WARN_UNINITIALIZED_AUTOS = YES_AGGRESSIVE;
				GCC_WARN_UNUSED_FUNCTION = YES;
				GCC_WARN_UNUSED_VARIABLE = YES;
				IPHONEOS_DEPLOYMENT_TARGET = 11.1;
				MTL_ENABLE_DEBUG_INFO = NO;
				SDKROOT = iphoneos;
				SWIFT_OPTIMIZATION_LEVEL = "-Owholemodule";
				VALIDATE_PRODUCT = YES;
			};
			name = Release;
		};
		A0D34F281FB3634C00709C67 /* Debug */ = {
			isa = XCBuildConfiguration;
			baseConfigurationReference = D5BC09D413403108F5844384 /* Pods-Weather.debug.xcconfig */;
			buildSettings = {
				ASSETCATALOG_COMPILER_APPICON_NAME = AppIcon;
				CODE_SIGN_STYLE = Automatic;
				DEVELOPMENT_TEAM = R94PHBRHDB;
				INFOPLIST_FILE = Weather/Info.plist;
				LD_RUNPATH_SEARCH_PATHS = "$(inherited) @executable_path/Frameworks";
				PRODUCT_BUNDLE_IDENTIFIER = com.lucaschilders.Weather;
				PRODUCT_NAME = "$(TARGET_NAME)";
				SWIFT_VERSION = 4.0;
				TARGETED_DEVICE_FAMILY = "1,2";
			};
			name = Debug;
		};
		A0D34F291FB3634C00709C67 /* Release */ = {
			isa = XCBuildConfiguration;
			baseConfigurationReference = 82B6195217B084AC3BAFE80D /* Pods-Weather.release.xcconfig */;
			buildSettings = {
				ASSETCATALOG_COMPILER_APPICON_NAME = AppIcon;
				CODE_SIGN_STYLE = Automatic;
				DEVELOPMENT_TEAM = R94PHBRHDB;
				INFOPLIST_FILE = Weather/Info.plist;
				LD_RUNPATH_SEARCH_PATHS = "$(inherited) @executable_path/Frameworks";
				PRODUCT_BUNDLE_IDENTIFIER = com.lucaschilders.Weather;
				PRODUCT_NAME = "$(TARGET_NAME)";
				SWIFT_VERSION = 4.0;
				TARGETED_DEVICE_FAMILY = "1,2";
			};
			name = Release;
		};
		A0D34F2B1FB3634C00709C67 /* Debug */ = {
			isa = XCBuildConfiguration;
			baseConfigurationReference = FDE5D3BB262BE7D80011C563 /* Pods-WeatherTests.debug.xcconfig */;
			buildSettings = {
				ALWAYS_EMBED_SWIFT_STANDARD_LIBRARIES = YES;
				BUNDLE_LOADER = "$(TEST_HOST)";
				CODE_SIGN_STYLE = Automatic;
				DEVELOPMENT_TEAM = R94PHBRHDB;
				INFOPLIST_FILE = WeatherTests/Info.plist;
				LD_RUNPATH_SEARCH_PATHS = "$(inherited) @executable_path/Frameworks @loader_path/Frameworks";
				PRODUCT_BUNDLE_IDENTIFIER = com.lucaschilders.WeatherTests;
				PRODUCT_NAME = "$(TARGET_NAME)";
				SWIFT_VERSION = 4.0;
				TARGETED_DEVICE_FAMILY = "1,2";
				TEST_HOST = "$(BUILT_PRODUCTS_DIR)/Weather.app/Weather";
			};
			name = Debug;
		};
		A0D34F2C1FB3634C00709C67 /* Release */ = {
			isa = XCBuildConfiguration;
			baseConfigurationReference = DCBABA352AB37357913B5C51 /* Pods-WeatherTests.release.xcconfig */;
			buildSettings = {
				ALWAYS_EMBED_SWIFT_STANDARD_LIBRARIES = YES;
				BUNDLE_LOADER = "$(TEST_HOST)";
				CODE_SIGN_STYLE = Automatic;
				DEVELOPMENT_TEAM = R94PHBRHDB;
				INFOPLIST_FILE = WeatherTests/Info.plist;
				LD_RUNPATH_SEARCH_PATHS = "$(inherited) @executable_path/Frameworks @loader_path/Frameworks";
				PRODUCT_BUNDLE_IDENTIFIER = com.lucaschilders.WeatherTests;
				PRODUCT_NAME = "$(TARGET_NAME)";
				SWIFT_VERSION = 4.0;
				TARGETED_DEVICE_FAMILY = "1,2";
				TEST_HOST = "$(BUILT_PRODUCTS_DIR)/Weather.app/Weather";
			};
			name = Release;
		};
		A0D34F2E1FB3634C00709C67 /* Debug */ = {
			isa = XCBuildConfiguration;
			baseConfigurationReference = B2BB98EB78D886D90FA121E9 /* Pods-WeatherUITests.debug.xcconfig */;
			buildSettings = {
				ALWAYS_EMBED_SWIFT_STANDARD_LIBRARIES = YES;
				CODE_SIGN_STYLE = Automatic;
				DEVELOPMENT_TEAM = R94PHBRHDB;
				INFOPLIST_FILE = WeatherUITests/Info.plist;
				LD_RUNPATH_SEARCH_PATHS = "$(inherited) @executable_path/Frameworks @loader_path/Frameworks";
				PRODUCT_BUNDLE_IDENTIFIER = com.lucaschilders.WeatherUITests;
				PRODUCT_NAME = "$(TARGET_NAME)";
				SWIFT_VERSION = 4.0;
				TARGETED_DEVICE_FAMILY = "1,2";
				TEST_TARGET_NAME = Weather;
			};
			name = Debug;
		};
		A0D34F2F1FB3634C00709C67 /* Release */ = {
			isa = XCBuildConfiguration;
			baseConfigurationReference = CFE84FADFEBB2CB7DB7C6FDC /* Pods-WeatherUITests.release.xcconfig */;
			buildSettings = {
				ALWAYS_EMBED_SWIFT_STANDARD_LIBRARIES = YES;
				CODE_SIGN_STYLE = Automatic;
				DEVELOPMENT_TEAM = R94PHBRHDB;
				INFOPLIST_FILE = WeatherUITests/Info.plist;
				LD_RUNPATH_SEARCH_PATHS = "$(inherited) @executable_path/Frameworks @loader_path/Frameworks";
				PRODUCT_BUNDLE_IDENTIFIER = com.lucaschilders.WeatherUITests;
				PRODUCT_NAME = "$(TARGET_NAME)";
				SWIFT_VERSION = 4.0;
				TARGETED_DEVICE_FAMILY = "1,2";
				TEST_TARGET_NAME = Weather;
			};
			name = Release;
		};
/* End XCBuildConfiguration section */

/* Begin XCConfigurationList section */
		A0D34EFA1FB3634C00709C67 /* Build configuration list for PBXProject "Weather" */ = {
			isa = XCConfigurationList;
			buildConfigurations = (
				A0D34F251FB3634C00709C67 /* Debug */,
				A0D34F261FB3634C00709C67 /* Release */,
			);
			defaultConfigurationIsVisible = 0;
			defaultConfigurationName = Release;
		};
		A0D34F271FB3634C00709C67 /* Build configuration list for PBXNativeTarget "Weather" */ = {
			isa = XCConfigurationList;
			buildConfigurations = (
				A0D34F281FB3634C00709C67 /* Debug */,
				A0D34F291FB3634C00709C67 /* Release */,
			);
			defaultConfigurationIsVisible = 0;
			defaultConfigurationName = Release;
		};
		A0D34F2A1FB3634C00709C67 /* Build configuration list for PBXNativeTarget "WeatherTests" */ = {
			isa = XCConfigurationList;
			buildConfigurations = (
				A0D34F2B1FB3634C00709C67 /* Debug */,
				A0D34F2C1FB3634C00709C67 /* Release */,
			);
			defaultConfigurationIsVisible = 0;
			defaultConfigurationName = Release;
		};
		A0D34F2D1FB3634C00709C67 /* Build configuration list for PBXNativeTarget "WeatherUITests" */ = {
			isa = XCConfigurationList;
			buildConfigurations = (
				A0D34F2E1FB3634C00709C67 /* Debug */,
				A0D34F2F1FB3634C00709C67 /* Release */,
			);
			defaultConfigurationIsVisible = 0;
			defaultConfigurationName = Release;
		};
/* End XCConfigurationList section */
	};
	rootObject = A0D34EF71FB3634C00709C67 /* Project object */;
}
